// !$*UTF8*$!
{
	archiveVersion = 1;
	classes = {
	};
	objectVersion = 56;
	objects = {

/* Begin PBXBuildFile section */
		0810E3EE29CA1E2300BE051B /* AppDelegate.swift in Sources */ = {isa = PBXBuildFile; fileRef = 0810E3ED29CA1E2300BE051B /* AppDelegate.swift */; };
		0810E3F029CA1E2300BE051B /* SceneDelegate.swift in Sources */ = {isa = PBXBuildFile; fileRef = 0810E3EF29CA1E2300BE051B /* SceneDelegate.swift */; };
		0810E3F229CA1E2300BE051B /* ListingViewController.swift in Sources */ = {isa = PBXBuildFile; fileRef = 0810E3F129CA1E2300BE051B /* ListingViewController.swift */; };
		0810E3F729CA1E2600BE051B /* Assets.xcassets in Resources */ = {isa = PBXBuildFile; fileRef = 0810E3F629CA1E2600BE051B /* Assets.xcassets */; };
		0810E3FA29CA1E2600BE051B /* LaunchScreen.storyboard in Resources */ = {isa = PBXBuildFile; fileRef = 0810E3F829CA1E2600BE051B /* LaunchScreen.storyboard */; };
		0810E41F29CA1F1C00BE051B /* Annonce.swift in Sources */ = {isa = PBXBuildFile; fileRef = 0810E41E29CA1F1C00BE051B /* Annonce.swift */; };
		0810E42129CA1F4500BE051B /* Category.swift in Sources */ = {isa = PBXBuildFile; fileRef = 0810E42029CA1F4500BE051B /* Category.swift */; };
		0810E42429CA22C100BE051B /* ListingCell.swift in Sources */ = {isa = PBXBuildFile; fileRef = 0810E42329CA22C100BE051B /* ListingCell.swift */; };
		0810E42629CA2E0800BE051B /* Extensions.swift in Sources */ = {isa = PBXBuildFile; fileRef = 0810E42529CA2E0800BE051B /* Extensions.swift */; };
		0810E42829CA479100BE051B /* DetailsViewController.swift in Sources */ = {isa = PBXBuildFile; fileRef = 0810E42729CA479100BE051B /* DetailsViewController.swift */; };
		0810E42A29CAD8D100BE051B /* ListingViewModel.swift in Sources */ = {isa = PBXBuildFile; fileRef = 0810E42929CAD8D100BE051B /* ListingViewModel.swift */; };
		0810E42E29CAD90F00BE051B /* DetailsViewModel.swift in Sources */ = {isa = PBXBuildFile; fileRef = 0810E42D29CAD90F00BE051B /* DetailsViewModel.swift */; };
		0810E43229CAD97300BE051B /* AnnonceRepository.swift in Sources */ = {isa = PBXBuildFile; fileRef = 0810E43129CAD97300BE051B /* AnnonceRepository.swift */; };
		0810E43429CAD98F00BE051B /* AnnonceAPI.swift in Sources */ = {isa = PBXBuildFile; fileRef = 0810E43329CAD98F00BE051B /* AnnonceAPI.swift */; };
		08CC552A29CB1BA7003F1C7F /* FakeApiData.swift in Sources */ = {isa = PBXBuildFile; fileRef = 08CC552929CB1BA7003F1C7F /* FakeApiData.swift */; };
		08CC552C29CB1C75003F1C7F /* annonces.json in Resources */ = {isa = PBXBuildFile; fileRef = 08CC552B29CB1C75003F1C7F /* annonces.json */; };
		08CC552E29CB1CA0003F1C7F /* categories.json in Resources */ = {isa = PBXBuildFile; fileRef = 08CC552D29CB1CA0003F1C7F /* categories.json */; };
		08CC553029CB231C003F1C7F /* AnnonceApiTests.swift in Sources */ = {isa = PBXBuildFile; fileRef = 08CC552F29CB231C003F1C7F /* AnnonceApiTests.swift */; };
		08CC553229CB2E26003F1C7F /* AnnonceResponse.swift in Sources */ = {isa = PBXBuildFile; fileRef = 08CC553129CB2E26003F1C7F /* AnnonceResponse.swift */; };
		08CC553729CB618D003F1C7F /* FakeRepoData.swift in Sources */ = {isa = PBXBuildFile; fileRef = 08CC553629CB618D003F1C7F /* FakeRepoData.swift */; };
		08CC553929CB6227003F1C7F /* AnnonceRepositoryTests.swift in Sources */ = {isa = PBXBuildFile; fileRef = 08CC553829CB6227003F1C7F /* AnnonceRepositoryTests.swift */; };
		08CC553C29CB6B88003F1C7F /* ListingViewModelTests.swift in Sources */ = {isa = PBXBuildFile; fileRef = 08CC553B29CB6B88003F1C7F /* ListingViewModelTests.swift */; };
/* End PBXBuildFile section */

/* Begin PBXContainerItemProxy section */
		0810E40129CA1E2600BE051B /* PBXContainerItemProxy */ = {
			isa = PBXContainerItemProxy;
			containerPortal = 0810E3E229CA1E2300BE051B /* Project object */;
			proxyType = 1;
			remoteGlobalIDString = 0810E3E929CA1E2300BE051B;
			remoteInfo = LBC;
		};
/* End PBXContainerItemProxy section */

/* Begin PBXFileReference section */
		0810E3EA29CA1E2300BE051B /* LBC.app */ = {isa = PBXFileReference; explicitFileType = wrapper.application; includeInIndex = 0; path = LBC.app; sourceTree = BUILT_PRODUCTS_DIR; };
		0810E3ED29CA1E2300BE051B /* AppDelegate.swift */ = {isa = PBXFileReference; lastKnownFileType = sourcecode.swift; path = AppDelegate.swift; sourceTree = "<group>"; };
		0810E3EF29CA1E2300BE051B /* SceneDelegate.swift */ = {isa = PBXFileReference; lastKnownFileType = sourcecode.swift; path = SceneDelegate.swift; sourceTree = "<group>"; };
		0810E3F129CA1E2300BE051B /* ListingViewController.swift */ = {isa = PBXFileReference; lastKnownFileType = sourcecode.swift; path = ListingViewController.swift; sourceTree = "<group>"; };
		0810E3F629CA1E2600BE051B /* Assets.xcassets */ = {isa = PBXFileReference; lastKnownFileType = folder.assetcatalog; path = Assets.xcassets; sourceTree = "<group>"; };
		0810E3F929CA1E2600BE051B /* Base */ = {isa = PBXFileReference; lastKnownFileType = file.storyboard; name = Base; path = Base.lproj/LaunchScreen.storyboard; sourceTree = "<group>"; };
		0810E3FB29CA1E2600BE051B /* Info.plist */ = {isa = PBXFileReference; lastKnownFileType = text.plist.xml; path = Info.plist; sourceTree = "<group>"; };
		0810E40029CA1E2600BE051B /* LBCTests.xctest */ = {isa = PBXFileReference; explicitFileType = wrapper.cfbundle; includeInIndex = 0; path = LBCTests.xctest; sourceTree = BUILT_PRODUCTS_DIR; };
		0810E41E29CA1F1C00BE051B /* Annonce.swift */ = {isa = PBXFileReference; lastKnownFileType = sourcecode.swift; path = Annonce.swift; sourceTree = "<group>"; };
		0810E42029CA1F4500BE051B /* Category.swift */ = {isa = PBXFileReference; lastKnownFileType = sourcecode.swift; path = Category.swift; sourceTree = "<group>"; };
		0810E42329CA22C100BE051B /* ListingCell.swift */ = {isa = PBXFileReference; lastKnownFileType = sourcecode.swift; path = ListingCell.swift; sourceTree = "<group>"; };
		0810E42529CA2E0800BE051B /* Extensions.swift */ = {isa = PBXFileReference; lastKnownFileType = sourcecode.swift; path = Extensions.swift; sourceTree = "<group>"; };
		0810E42729CA479100BE051B /* DetailsViewController.swift */ = {isa = PBXFileReference; lastKnownFileType = sourcecode.swift; path = DetailsViewController.swift; sourceTree = "<group>"; };
		0810E42929CAD8D100BE051B /* ListingViewModel.swift */ = {isa = PBXFileReference; lastKnownFileType = sourcecode.swift; path = ListingViewModel.swift; sourceTree = "<group>"; };
		0810E42D29CAD90F00BE051B /* DetailsViewModel.swift */ = {isa = PBXFileReference; lastKnownFileType = sourcecode.swift; path = DetailsViewModel.swift; sourceTree = "<group>"; };
		0810E43129CAD97300BE051B /* AnnonceRepository.swift */ = {isa = PBXFileReference; lastKnownFileType = sourcecode.swift; path = AnnonceRepository.swift; sourceTree = "<group>"; };
		0810E43329CAD98F00BE051B /* AnnonceAPI.swift */ = {isa = PBXFileReference; lastKnownFileType = sourcecode.swift; path = AnnonceAPI.swift; sourceTree = "<group>"; };
		08CC552929CB1BA7003F1C7F /* FakeApiData.swift */ = {isa = PBXFileReference; lastKnownFileType = sourcecode.swift; path = FakeApiData.swift; sourceTree = "<group>"; };
		08CC552B29CB1C75003F1C7F /* annonces.json */ = {isa = PBXFileReference; lastKnownFileType = text.json; path = annonces.json; sourceTree = "<group>"; };
		08CC552D29CB1CA0003F1C7F /* categories.json */ = {isa = PBXFileReference; lastKnownFileType = text.json; path = categories.json; sourceTree = "<group>"; };
		08CC552F29CB231C003F1C7F /* AnnonceApiTests.swift */ = {isa = PBXFileReference; lastKnownFileType = sourcecode.swift; path = AnnonceApiTests.swift; sourceTree = "<group>"; };
		08CC553129CB2E26003F1C7F /* AnnonceResponse.swift */ = {isa = PBXFileReference; lastKnownFileType = sourcecode.swift; path = AnnonceResponse.swift; sourceTree = "<group>"; };
		08CC553629CB618D003F1C7F /* FakeRepoData.swift */ = {isa = PBXFileReference; lastKnownFileType = sourcecode.swift; path = FakeRepoData.swift; sourceTree = "<group>"; };
		08CC553829CB6227003F1C7F /* AnnonceRepositoryTests.swift */ = {isa = PBXFileReference; lastKnownFileType = sourcecode.swift; path = AnnonceRepositoryTests.swift; sourceTree = "<group>"; };
		08CC553B29CB6B88003F1C7F /* ListingViewModelTests.swift */ = {isa = PBXFileReference; lastKnownFileType = sourcecode.swift; path = ListingViewModelTests.swift; sourceTree = "<group>"; };
/* End PBXFileReference section */

/* Begin PBXFrameworksBuildPhase section */
		0810E3E729CA1E2300BE051B /* Frameworks */ = {
			isa = PBXFrameworksBuildPhase;
			buildActionMask = 2147483647;
			files = (
			);
			runOnlyForDeploymentPostprocessing = 0;
		};
		0810E3FD29CA1E2600BE051B /* Frameworks */ = {
			isa = PBXFrameworksBuildPhase;
			buildActionMask = 2147483647;
			files = (
			);
			runOnlyForDeploymentPostprocessing = 0;
		};
/* End PBXFrameworksBuildPhase section */

/* Begin PBXGroup section */
		0810E3E129CA1E2300BE051B = {
			isa = PBXGroup;
			children = (
				0810E3EC29CA1E2300BE051B /* LBC */,
				0810E40329CA1E2600BE051B /* LBCTests */,
				0810E3EB29CA1E2300BE051B /* Products */,
			);
			sourceTree = "<group>";
		};
		0810E3EB29CA1E2300BE051B /* Products */ = {
			isa = PBXGroup;
			children = (
				0810E3EA29CA1E2300BE051B /* LBC.app */,
				0810E40029CA1E2600BE051B /* LBCTests.xctest */,
			);
			name = Products;
			sourceTree = "<group>";
		};
		0810E3EC29CA1E2300BE051B /* LBC */ = {
			isa = PBXGroup;
			children = (
				0810E42229CA22A000BE051B /* View */,
				0810E41D29CA1F0D00BE051B /* Model */,
				0810E42F29CAD93100BE051B /* Repositories */,
				0810E43029CAD94800BE051B /* Networking */,
				0810E3ED29CA1E2300BE051B /* AppDelegate.swift */,
				0810E3EF29CA1E2300BE051B /* SceneDelegate.swift */,
				0810E42529CA2E0800BE051B /* Extensions.swift */,
				0810E3F629CA1E2600BE051B /* Assets.xcassets */,
				0810E3F829CA1E2600BE051B /* LaunchScreen.storyboard */,
				0810E3FB29CA1E2600BE051B /* Info.plist */,
			);
			path = LBC;
			sourceTree = "<group>";
		};
		0810E40329CA1E2600BE051B /* LBCTests */ = {
			isa = PBXGroup;
			children = (
				08CC553A29CB6A4F003F1C7F /* ListingViewModelTests */,
				08CC553529CB615E003F1C7F /* AnnonceRepositoryTests */,
				08CC552829CB1B84003F1C7F /* AnnonceAPITests */,
			);
			path = LBCTests;
			sourceTree = "<group>";
		};
		0810E41D29CA1F0D00BE051B /* Model */ = {
			isa = PBXGroup;
			children = (
				0810E41E29CA1F1C00BE051B /* Annonce.swift */,
				0810E42029CA1F4500BE051B /* Category.swift */,
			);
			path = Model;
			sourceTree = "<group>";
		};
		0810E42229CA22A000BE051B /* View */ = {
			isa = PBXGroup;
			children = (
				0810E42329CA22C100BE051B /* ListingCell.swift */,
				0810E42B29CAD8DF00BE051B /* ListingView */,
				0810E42C29CAD8F800BE051B /* DetailsView */,
			);
			path = View;
			sourceTree = "<group>";
		};
		0810E42B29CAD8DF00BE051B /* ListingView */ = {
			isa = PBXGroup;
			children = (
				0810E3F129CA1E2300BE051B /* ListingViewController.swift */,
				0810E42929CAD8D100BE051B /* ListingViewModel.swift */,
			);
			path = ListingView;
			sourceTree = "<group>";
		};
		0810E42C29CAD8F800BE051B /* DetailsView */ = {
			isa = PBXGroup;
			children = (
				0810E42729CA479100BE051B /* DetailsViewController.swift */,
				0810E42D29CAD90F00BE051B /* DetailsViewModel.swift */,
			);
			path = DetailsView;
			sourceTree = "<group>";
		};
		0810E42F29CAD93100BE051B /* Repositories */ = {
			isa = PBXGroup;
			children = (
				0810E43129CAD97300BE051B /* AnnonceRepository.swift */,
			);
			path = Repositories;
			sourceTree = "<group>";
		};
		0810E43029CAD94800BE051B /* Networking */ = {
			isa = PBXGroup;
			children = (
				0810E43329CAD98F00BE051B /* AnnonceAPI.swift */,
				08CC553129CB2E26003F1C7F /* AnnonceResponse.swift */,
			);
			path = Networking;
			sourceTree = "<group>";
		};
		08CC552829CB1B84003F1C7F /* AnnonceAPITests */ = {
			isa = PBXGroup;
			children = (
				08CC552F29CB231C003F1C7F /* AnnonceApiTests.swift */,
				08CC552929CB1BA7003F1C7F /* FakeApiData.swift */,
			);
			path = AnnonceAPITests;
			sourceTree = "<group>";
		};
		08CC553529CB615E003F1C7F /* AnnonceRepositoryTests */ = {
			isa = PBXGroup;
			children = (
				08CC553829CB6227003F1C7F /* AnnonceRepositoryTests.swift */,
				08CC553629CB618D003F1C7F /* FakeRepoData.swift */,
				08CC552B29CB1C75003F1C7F /* annonces.json */,
				08CC552D29CB1CA0003F1C7F /* categories.json */,
			);
			path = AnnonceRepositoryTests;
			sourceTree = "<group>";
		};
		08CC553A29CB6A4F003F1C7F /* ListingViewModelTests */ = {
			isa = PBXGroup;
			children = (
				08CC553B29CB6B88003F1C7F /* ListingViewModelTests.swift */,
			);
			path = ListingViewModelTests;
			sourceTree = "<group>";
		};
/* End PBXGroup section */

/* Begin PBXNativeTarget section */
		0810E3E929CA1E2300BE051B /* LBC */ = {
			isa = PBXNativeTarget;
			buildConfigurationList = 0810E41429CA1E2600BE051B /* Build configuration list for PBXNativeTarget "LBC" */;
			buildPhases = (
				0810E3E629CA1E2300BE051B /* Sources */,
				0810E3E729CA1E2300BE051B /* Frameworks */,
				0810E3E829CA1E2300BE051B /* Resources */,
			);
			buildRules = (
			);
			dependencies = (
			);
			name = LBC;
			productName = LBC;
			productReference = 0810E3EA29CA1E2300BE051B /* LBC.app */;
			productType = "com.apple.product-type.application";
		};
		0810E3FF29CA1E2600BE051B /* LBCTests */ = {
			isa = PBXNativeTarget;
			buildConfigurationList = 0810E41729CA1E2600BE051B /* Build configuration list for PBXNativeTarget "LBCTests" */;
			buildPhases = (
				0810E3FC29CA1E2600BE051B /* Sources */,
				0810E3FD29CA1E2600BE051B /* Frameworks */,
				0810E3FE29CA1E2600BE051B /* Resources */,
			);
			buildRules = (
			);
			dependencies = (
				0810E40229CA1E2600BE051B /* PBXTargetDependency */,
			);
			name = LBCTests;
			productName = LBCTests;
			productReference = 0810E40029CA1E2600BE051B /* LBCTests.xctest */;
			productType = "com.apple.product-type.bundle.unit-test";
		};
/* End PBXNativeTarget section */

/* Begin PBXProject section */
		0810E3E229CA1E2300BE051B /* Project object */ = {
			isa = PBXProject;
			attributes = {
				BuildIndependentTargetsInParallel = 1;
				LastSwiftUpdateCheck = 1420;
				LastUpgradeCheck = 1420;
				TargetAttributes = {
					0810E3E929CA1E2300BE051B = {
						CreatedOnToolsVersion = 14.2;
					};
					0810E3FF29CA1E2600BE051B = {
						CreatedOnToolsVersion = 14.2;
						TestTargetID = 0810E3E929CA1E2300BE051B;
					};
				};
			};
			buildConfigurationList = 0810E3E529CA1E2300BE051B /* Build configuration list for PBXProject "LBC" */;
			compatibilityVersion = "Xcode 14.0";
			developmentRegion = en;
			hasScannedForEncodings = 0;
			knownRegions = (
				en,
				Base,
			);
			mainGroup = 0810E3E129CA1E2300BE051B;
			productRefGroup = 0810E3EB29CA1E2300BE051B /* Products */;
			projectDirPath = "";
			projectRoot = "";
			targets = (
				0810E3E929CA1E2300BE051B /* LBC */,
				0810E3FF29CA1E2600BE051B /* LBCTests */,
			);
		};
/* End PBXProject section */

/* Begin PBXResourcesBuildPhase section */
		0810E3E829CA1E2300BE051B /* Resources */ = {
			isa = PBXResourcesBuildPhase;
			buildActionMask = 2147483647;
			files = (
				0810E3FA29CA1E2600BE051B /* LaunchScreen.storyboard in Resources */,
				0810E3F729CA1E2600BE051B /* Assets.xcassets in Resources */,
			);
			runOnlyForDeploymentPostprocessing = 0;
		};
		0810E3FE29CA1E2600BE051B /* Resources */ = {
			isa = PBXResourcesBuildPhase;
			buildActionMask = 2147483647;
			files = (
				08CC552C29CB1C75003F1C7F /* annonces.json in Resources */,
				08CC552E29CB1CA0003F1C7F /* categories.json in Resources */,
			);
			runOnlyForDeploymentPostprocessing = 0;
		};
/* End PBXResourcesBuildPhase section */

/* Begin PBXSourcesBuildPhase section */
		0810E3E629CA1E2300BE051B /* Sources */ = {
			isa = PBXSourcesBuildPhase;
			buildActionMask = 2147483647;
			files = (
				0810E3F229CA1E2300BE051B /* ListingViewController.swift in Sources */,
				0810E42129CA1F4500BE051B /* Category.swift in Sources */,
				0810E43229CAD97300BE051B /* AnnonceRepository.swift in Sources */,
				0810E43429CAD98F00BE051B /* AnnonceAPI.swift in Sources */,
				0810E3EE29CA1E2300BE051B /* AppDelegate.swift in Sources */,
				0810E42829CA479100BE051B /* DetailsViewController.swift in Sources */,
				0810E41F29CA1F1C00BE051B /* Annonce.swift in Sources */,
				0810E42A29CAD8D100BE051B /* ListingViewModel.swift in Sources */,
				0810E3F029CA1E2300BE051B /* SceneDelegate.swift in Sources */,
				0810E42E29CAD90F00BE051B /* DetailsViewModel.swift in Sources */,
				08CC553229CB2E26003F1C7F /* AnnonceResponse.swift in Sources */,
				0810E42429CA22C100BE051B /* ListingCell.swift in Sources */,
				0810E42629CA2E0800BE051B /* Extensions.swift in Sources */,
			);
			runOnlyForDeploymentPostprocessing = 0;
		};
		0810E3FC29CA1E2600BE051B /* Sources */ = {
			isa = PBXSourcesBuildPhase;
			buildActionMask = 2147483647;
			files = (
				08CC553C29CB6B88003F1C7F /* ListingViewModelTests.swift in Sources */,
				08CC553729CB618D003F1C7F /* FakeRepoData.swift in Sources */,
				08CC553029CB231C003F1C7F /* AnnonceApiTests.swift in Sources */,
				08CC552A29CB1BA7003F1C7F /* FakeApiData.swift in Sources */,
				08CC553929CB6227003F1C7F /* AnnonceRepositoryTests.swift in Sources */,
			);
			runOnlyForDeploymentPostprocessing = 0;
		};
/* End PBXSourcesBuildPhase section */

/* Begin PBXTargetDependency section */
		0810E40229CA1E2600BE051B /* PBXTargetDependency */ = {
			isa = PBXTargetDependency;
			target = 0810E3E929CA1E2300BE051B /* LBC */;
			targetProxy = 0810E40129CA1E2600BE051B /* PBXContainerItemProxy */;
		};
/* End PBXTargetDependency section */

/* Begin PBXVariantGroup section */
		0810E3F829CA1E2600BE051B /* LaunchScreen.storyboard */ = {
			isa = PBXVariantGroup;
			children = (
				0810E3F929CA1E2600BE051B /* Base */,
			);
			name = LaunchScreen.storyboard;
			sourceTree = "<group>";
		};
/* End PBXVariantGroup section */

/* Begin XCBuildConfiguration section */
		0810E41229CA1E2600BE051B /* Debug */ = {
			isa = XCBuildConfiguration;
			buildSettings = {
				ALWAYS_SEARCH_USER_PATHS = NO;
				CLANG_ANALYZER_NONNULL = YES;
				CLANG_ANALYZER_NUMBER_OBJECT_CONVERSION = YES_AGGRESSIVE;
				CLANG_CXX_LANGUAGE_STANDARD = "gnu++20";
				CLANG_ENABLE_MODULES = YES;
				CLANG_ENABLE_OBJC_ARC = YES;
				CLANG_ENABLE_OBJC_WEAK = YES;
				CLANG_WARN_BLOCK_CAPTURE_AUTORELEASING = YES;
				CLANG_WARN_BOOL_CONVERSION = YES;
				CLANG_WARN_COMMA = YES;
				CLANG_WARN_CONSTANT_CONVERSION = YES;
				CLANG_WARN_DEPRECATED_OBJC_IMPLEMENTATIONS = YES;
				CLANG_WARN_DIRECT_OBJC_ISA_USAGE = YES_ERROR;
				CLANG_WARN_DOCUMENTATION_COMMENTS = YES;
				CLANG_WARN_EMPTY_BODY = YES;
				CLANG_WARN_ENUM_CONVERSION = YES;
				CLANG_WARN_INFINITE_RECURSION = YES;
				CLANG_WARN_INT_CONVERSION = YES;
				CLANG_WARN_NON_LITERAL_NULL_CONVERSION = YES;
				CLANG_WARN_OBJC_IMPLICIT_RETAIN_SELF = YES;
				CLANG_WARN_OBJC_LITERAL_CONVERSION = YES;
				CLANG_WARN_OBJC_ROOT_CLASS = YES_ERROR;
				CLANG_WARN_QUOTED_INCLUDE_IN_FRAMEWORK_HEADER = YES;
				CLANG_WARN_RANGE_LOOP_ANALYSIS = YES;
				CLANG_WARN_STRICT_PROTOTYPES = YES;
				CLANG_WARN_SUSPICIOUS_MOVE = YES;
				CLANG_WARN_UNGUARDED_AVAILABILITY = YES_AGGRESSIVE;
				CLANG_WARN_UNREACHABLE_CODE = YES;
				CLANG_WARN__DUPLICATE_METHOD_MATCH = YES;
				COPY_PHASE_STRIP = NO;
				DEBUG_INFORMATION_FORMAT = dwarf;
				ENABLE_STRICT_OBJC_MSGSEND = YES;
				ENABLE_TESTABILITY = YES;
				GCC_C_LANGUAGE_STANDARD = gnu11;
				GCC_DYNAMIC_NO_PIC = NO;
				GCC_NO_COMMON_BLOCKS = YES;
				GCC_OPTIMIZATION_LEVEL = 0;
				GCC_PREPROCESSOR_DEFINITIONS = (
					"DEBUG=1",
					"$(inherited)",
				);
				GCC_WARN_64_TO_32_BIT_CONVERSION = YES;
				GCC_WARN_ABOUT_RETURN_TYPE = YES_ERROR;
				GCC_WARN_UNDECLARED_SELECTOR = YES;
				GCC_WARN_UNINITIALIZED_AUTOS = YES_AGGRESSIVE;
				GCC_WARN_UNUSED_FUNCTION = YES;
				GCC_WARN_UNUSED_VARIABLE = YES;
				IPHONEOS_DEPLOYMENT_TARGET = 14.0;
				MTL_ENABLE_DEBUG_INFO = INCLUDE_SOURCE;
				MTL_FAST_MATH = YES;
				ONLY_ACTIVE_ARCH = YES;
				SDKROOT = iphoneos;
				SWIFT_ACTIVE_COMPILATION_CONDITIONS = DEBUG;
				SWIFT_OPTIMIZATION_LEVEL = "-Onone";
			};
			name = Debug;
		};
		0810E41329CA1E2600BE051B /* Release */ = {
			isa = XCBuildConfiguration;
			buildSettings = {
				ALWAYS_SEARCH_USER_PATHS = NO;
				CLANG_ANALYZER_NONNULL = YES;
				CLANG_ANALYZER_NUMBER_OBJECT_CONVERSION = YES_AGGRESSIVE;
				CLANG_CXX_LANGUAGE_STANDARD = "gnu++20";
				CLANG_ENABLE_MODULES = YES;
				CLANG_ENABLE_OBJC_ARC = YES;
				CLANG_ENABLE_OBJC_WEAK = YES;
				CLANG_WARN_BLOCK_CAPTURE_AUTORELEASING = YES;
				CLANG_WARN_BOOL_CONVERSION = YES;
				CLANG_WARN_COMMA = YES;
				CLANG_WARN_CONSTANT_CONVERSION = YES;
				CLANG_WARN_DEPRECATED_OBJC_IMPLEMENTATIONS = YES;
				CLANG_WARN_DIRECT_OBJC_ISA_USAGE = YES_ERROR;
				CLANG_WARN_DOCUMENTATION_COMMENTS = YES;
				CLANG_WARN_EMPTY_BODY = YES;
				CLANG_WARN_ENUM_CONVERSION = YES;
				CLANG_WARN_INFINITE_RECURSION = YES;
				CLANG_WARN_INT_CONVERSION = YES;
				CLANG_WARN_NON_LITERAL_NULL_CONVERSION = YES;
				CLANG_WARN_OBJC_IMPLICIT_RETAIN_SELF = YES;
				CLANG_WARN_OBJC_LITERAL_CONVERSION = YES;
				CLANG_WARN_OBJC_ROOT_CLASS = YES_ERROR;
				CLANG_WARN_QUOTED_INCLUDE_IN_FRAMEWORK_HEADER = YES;
				CLANG_WARN_RANGE_LOOP_ANALYSIS = YES;
				CLANG_WARN_STRICT_PROTOTYPES = YES;
				CLANG_WARN_SUSPICIOUS_MOVE = YES;
				CLANG_WARN_UNGUARDED_AVAILABILITY = YES_AGGRESSIVE;
				CLANG_WARN_UNREACHABLE_CODE = YES;
				CLANG_WARN__DUPLICATE_METHOD_MATCH = YES;
				COPY_PHASE_STRIP = NO;
				DEBUG_INFORMATION_FORMAT = "dwarf-with-dsym";
				ENABLE_NS_ASSERTIONS = NO;
				ENABLE_STRICT_OBJC_MSGSEND = YES;
				GCC_C_LANGUAGE_STANDARD = gnu11;
				GCC_NO_COMMON_BLOCKS = YES;
				GCC_WARN_64_TO_32_BIT_CONVERSION = YES;
				GCC_WARN_ABOUT_RETURN_TYPE = YES_ERROR;
				GCC_WARN_UNDECLARED_SELECTOR = YES;
				GCC_WARN_UNINITIALIZED_AUTOS = YES_AGGRESSIVE;
				GCC_WARN_UNUSED_FUNCTION = YES;
				GCC_WARN_UNUSED_VARIABLE = YES;
				IPHONEOS_DEPLOYMENT_TARGET = 14.0;
				MTL_ENABLE_DEBUG_INFO = NO;
				MTL_FAST_MATH = YES;
				SDKROOT = iphoneos;
				SWIFT_COMPILATION_MODE = wholemodule;
				SWIFT_OPTIMIZATION_LEVEL = "-O";
				VALIDATE_PRODUCT = YES;
			};
			name = Release;
		};
		0810E41529CA1E2600BE051B /* Debug */ = {
			isa = XCBuildConfiguration;
			buildSettings = {
				ASSETCATALOG_COMPILER_APPICON_NAME = AppIcon;
				ASSETCATALOG_COMPILER_GLOBAL_ACCENT_COLOR_NAME = AccentColor;
				CODE_SIGN_STYLE = Automatic;
				CURRENT_PROJECT_VERSION = 1;
				DEVELOPMENT_TEAM = 3555PQQDDK;
				GENERATE_INFOPLIST_FILE = YES;
				INFOPLIST_FILE = LBC/Info.plist;
				INFOPLIST_KEY_UIApplicationSupportsIndirectInputEvents = YES;
				INFOPLIST_KEY_UILaunchStoryboardName = LaunchScreen;
				INFOPLIST_KEY_UISupportedInterfaceOrientations_iPad = UIInterfaceOrientationPortrait;
				INFOPLIST_KEY_UISupportedInterfaceOrientations_iPhone = UIInterfaceOrientationPortrait;
				LD_RUNPATH_SEARCH_PATHS = (
					"$(inherited)",
					"@executable_path/Frameworks",
				);
				MARKETING_VERSION = 1.0;
				PRODUCT_BUNDLE_IDENTIFIER = com.adrienPEREA.LBC;
				PRODUCT_NAME = "$(TARGET_NAME)";
				SWIFT_EMIT_LOC_STRINGS = YES;
				SWIFT_VERSION = 5.0;
				TARGETED_DEVICE_FAMILY = "1,2";
			};
			name = Debug;
		};
		0810E41629CA1E2600BE051B /* Release */ = {
			isa = XCBuildConfiguration;
			buildSettings = {
				ASSETCATALOG_COMPILER_APPICON_NAME = AppIcon;
				ASSETCATALOG_COMPILER_GLOBAL_ACCENT_COLOR_NAME = AccentColor;
				CODE_SIGN_STYLE = Automatic;
				CURRENT_PROJECT_VERSION = 1;
				DEVELOPMENT_TEAM = 3555PQQDDK;
				GENERATE_INFOPLIST_FILE = YES;
				INFOPLIST_FILE = LBC/Info.plist;
				INFOPLIST_KEY_UIApplicationSupportsIndirectInputEvents = YES;
				INFOPLIST_KEY_UILaunchStoryboardName = LaunchScreen;
				INFOPLIST_KEY_UISupportedInterfaceOrientations_iPad = UIInterfaceOrientationPortrait;
				INFOPLIST_KEY_UISupportedInterfaceOrientations_iPhone = UIInterfaceOrientationPortrait;
				LD_RUNPATH_SEARCH_PATHS = (
					"$(inherited)",
					"@executable_path/Frameworks",
				);
				MARKETING_VERSION = 1.0;
				PRODUCT_BUNDLE_IDENTIFIER = com.adrienPEREA.LBC;
				PRODUCT_NAME = "$(TARGET_NAME)";
				SWIFT_EMIT_LOC_STRINGS = YES;
				SWIFT_VERSION = 5.0;
				TARGETED_DEVICE_FAMILY = "1,2";
			};
			name = Release;
		};
		0810E41829CA1E2600BE051B /* Debug */ = {
			isa = XCBuildConfiguration;
			buildSettings = {
				ALWAYS_EMBED_SWIFT_STANDARD_LIBRARIES = YES;
				BUNDLE_LOADER = "$(TEST_HOST)";
				CODE_SIGN_STYLE = Automatic;
				CURRENT_PROJECT_VERSION = 1;
				GENERATE_INFOPLIST_FILE = YES;
				IPHONEOS_DEPLOYMENT_TARGET = 16.2;
				MARKETING_VERSION = 1.0;
				PRODUCT_BUNDLE_IDENTIFIER = com.adrienPEREA.LBCTests;
				PRODUCT_NAME = "$(TARGET_NAME)";
				SWIFT_EMIT_LOC_STRINGS = NO;
				SWIFT_VERSION = 5.0;
				TARGETED_DEVICE_FAMILY = "1,2";
				TEST_HOST = "$(BUILT_PRODUCTS_DIR)/LBC.app/$(BUNDLE_EXECUTABLE_FOLDER_PATH)/LBC";
			};
			name = Debug;
		};
		0810E41929CA1E2600BE051B /* Release */ = {
			isa = XCBuildConfiguration;
			buildSettings = {
				ALWAYS_EMBED_SWIFT_STANDARD_LIBRARIES = YES;
				BUNDLE_LOADER = "$(TEST_HOST)";
				CODE_SIGN_STYLE = Automatic;
				CURRENT_PROJECT_VERSION = 1;
				GENERATE_INFOPLIST_FILE = YES;
				IPHONEOS_DEPLOYMENT_TARGET = 16.2;
				MARKETING_VERSION = 1.0;
				PRODUCT_BUNDLE_IDENTIFIER = com.adrienPEREA.LBCTests;
				PRODUCT_NAME = "$(TARGET_NAME)";
				SWIFT_EMIT_LOC_STRINGS = NO;
				SWIFT_VERSION = 5.0;
				TARGETED_DEVICE_FAMILY = "1,2";
				TEST_HOST = "$(BUILT_PRODUCTS_DIR)/LBC.app/$(BUNDLE_EXECUTABLE_FOLDER_PATH)/LBC";
			};
			name = Release;
		};
/* End XCBuildConfiguration section */

/* Begin XCConfigurationList section */
		0810E3E529CA1E2300BE051B /* Build configuration list for PBXProject "LBC" */ = {
			isa = XCConfigurationList;
			buildConfigurations = (
				0810E41229CA1E2600BE051B /* Debug */,
				0810E41329CA1E2600BE051B /* Release */,
			);
			defaultConfigurationIsVisible = 0;
			defaultConfigurationName = Release;
		};
		0810E41429CA1E2600BE051B /* Build configuration list for PBXNativeTarget "LBC" */ = {
			isa = XCConfigurationList;
			buildConfigurations = (
				0810E41529CA1E2600BE051B /* Debug */,
				0810E41629CA1E2600BE051B /* Release */,
			);
			defaultConfigurationIsVisible = 0;
			defaultConfigurationName = Release;
		};
		0810E41729CA1E2600BE051B /* Build configuration list for PBXNativeTarget "LBCTests" */ = {
			isa = XCConfigurationList;
			buildConfigurations = (
				0810E41829CA1E2600BE051B /* Debug */,
				0810E41929CA1E2600BE051B /* Release */,
			);
			defaultConfigurationIsVisible = 0;
			defaultConfigurationName = Release;
		};
/* End XCConfigurationList section */
	};
	rootObject = 0810E3E229CA1E2300BE051B /* Project object */;
}
